{
    "hash": "37e881d3487ed78e0bb56d6c25d9173a",
    "packages": [
        {
            "name": "marcelog/pami",
            "version": "dev-master",
            "source": {
                "type": "git",
                "url": "git://github.com/marcelog/PAMI.git",
                "reference": "master"
            },
            "dist": {
                "type": "zip",
                "url": "https://github.com/macerlog/PAMI/zipball/master",
                "reference": null,
                "shasum": null
            },
            "require": {
                "pear-log4php/apache_log4php": ">=2.1.0"
            },
            "type": "library",
            "installation-source": "source",
            "autoload": {
                "psr-0": {
                    "PAMI": "src/mg/"
                }
            },
            "time": "1335824177"
        },
        {
            "name": "pear-log4php/Apache_log4php",
            "version": "2.2.1",
            "dist": {
                "type": "pear",
                "url": "http://pear.apache.org/log4php/get/Apache_log4php-2.2.1.tgz",
                "reference": null,
                "shasum": null
            },
            "require": {
                "php": ">=5.2.0"
            },
            "type": "library",
            "installation-source": "dist",
            "autoload": {
                "classmap": [
                    ""
                ]
            },
            "license": [
                "Apache License 2.0"
            ],
            "description": "Apache log4php is a versatile logging framework for PHP at the Apache Software Foundation (ASF)."
        },
        {
            "name": "symfony/console",
            "version": "dev-master",
            "target-dir": "Symfony/Component/Console",
            "source": {
                "type": "git",
                "url": "https://github.com/symfony/Console",
                "reference": "ec3d45fafea157507b7dce339ce5a7c29de7642d"
            },
            "dist": {
                "type": "zip",
                "url": "https://github.com/symfony/Console/zipball/ec3d45fafea157507b7dce339ce5a7c29de7642d",
                "reference": "ec3d45fafea157507b7dce339ce5a7c29de7642d",
                "shasum": ""
            },
            "require": {
                "php": ">=5.3.3"
            },
            "time": "1336752887",
            "type": "library",
            "extra": {
                "branch-alias": {
                    "dev-master": "2.1-dev"
                }
            },
            "installation-source": "source",
            "autoload": {
                "psr-0": {
                    "Symfony\\Component\\Console": ""
                }
            },
            "license": [
                "MIT"
            ],
            "authors": [
                {
                    "name": "Fabien Potencier",
                    "email": "fabien@symfony.com",
                    "homepage": null,
                    "role": null
                },
                {
                    "name": "Symfony Community",
                    "email": null,
                    "homepage": "http://symfony.com/contributors",
                    "role": null
                }
            ],
            "description": "Symfony Console Component",
            "homepage": "http://symfony.com"
        },
        {
            "name": "videlalvaro/php-amqplib",
            "version": "dev-master",
            "source": {
                "type": "git",
                "url": "git://github.com/videlalvaro/php-amqplib.git",
                "reference": "d4fb5348f2118e9fbc00aa7461e3bad79bf42d6c"
            },
            "dist": {
                "type": "zip",
                "url": "https://github.com/videlalvaro/php-amqplib/zipball/d4fb5348f2118e9fbc00aa7461e3bad79bf42d6c",
                "reference": "d4fb5348f2118e9fbc00aa7461e3bad79bf42d6c",
                "shasum": ""
            },
            "require": {
                "php": ">=5.3.0"
            },
            "time": "1336662843",
            "type": "library",
            "installation-source": "source",
            "autoload": {
                "psr-0": {
                    "PhpAmqpLib": ""
                }
            },
            "authors": [
                {
                    "name": "Alvaro Videla",
                    "email": null,
                    "homepage": null,
                    "role": null
                }
            ],
            "description": "This library is a pure PHP implementation of the AMQP protocol. It's been tested against RabbitMQ.",
            "homepage": "https://github.com/videlalvaro/php-amqplib/",
            "keywords": [
                "queue",
                "rabbitmq",
                "message"
            ]
        }
    ],
    "packages-dev": null,
    "aliases": [

    ],
    "minimum-stability": "stable",
    "stability-flags": {
        "symfony/console": 20,
        "videlalvaro/php-amqplib": 20,
        "marcelog/pami": 20
    }
}
