{
    "hash": "8013d25c4b185aeb01f0d10b6196ee08",
    "packages": [
        {
            "name": "marcelog/pami",
            "version": "1.70.0",
            "source": {
                "type": "git",
                "url": "git@github.com:marcelog/PAMI",
                "reference": "1.70.0"
            },
            "dist": {
                "type": "zip",
                "url": "https://github.com/marcelog/PAMI/zipball/1.70.0",
                "reference": "1.70.0",
                "shasum": ""
            },
            "require": {
                "php": ">=5.3.3",
                "pear-log4php/apache_log4php": ">=2.1.0"
            },
            "time": "2012-09-02 16:47:06",
            "type": "library",
            "installation-source": "dist",
            "autoload": {
                "psr-0": {
                    "PAMI": "src/mg"
                }
            },
            "license": [
                "Apache2"
            ],
            "authors": [
                {
                    "name": "Marcelo Gornstein",
                    "email": "marcelog@gmail.com",
                    "homepage": "http://marcelog.github.com/",
                    "role": "Developer"
                }
            ],
            "description": "Asterisk Manager Interface (AMI) client for PHP, event driven, object oriented",
            "homepage": "http://marcelog.github.com/PAMI",
            "keywords": [
                "event",
                "client",
                "manager",
                "monitor",
                "asterisk",
                "ami",
                "voip",
                "telephony",
                "action"
            ]
        },
        {
            "name": "pear-pear.apache.org/log4php/Apache_log4php",
            "version": "2.3.0",
            "dist": {
                "type": "file",
                "url": "http://pear.apache.org/log4php/get/Apache_log4php-2.3.0.tgz",
                "reference": null,
                "shasum": null
            },
            "require": {
                "php": ">=5.2.0.0"
            },
            "replace": {
                "pear-log4php/apache_log4php": "== 2.3.0.0"
            },
            "type": "pear-library",
            "installation-source": "dist",
            "autoload": {
                "classmap": [
                    ""
                ]
            },
            "include-path": [
                "/"
            ],
            "description": "Apache log4php is a versatile logging framework for PHP at the Apache Software Foundation (ASF)."
        },
        {
            "name": "symfony/console",
            "version": "v2.1.2",
            "target-dir": "Symfony/Component/Console",
            "source": {
                "type": "git",
                "url": "https://github.com/symfony/Console",
                "reference": "v2.1.0-RC2"
            },
            "dist": {
                "type": "zip",
                "url": "https://github.com/symfony/Console/zipball/v2.1.0-RC2",
                "reference": "v2.1.0-RC2",
                "shasum": ""
            },
            "require": {
                "php": ">=5.3.3"
            },
            "time": "2012-08-22 06:48:41",
            "type": "library",
            "extra": {
                "branch-alias": {
                    "dev-master": "2.1-dev"
                }
            },
            "installation-source": "dist",
            "autoload": {
                "psr-0": {
                    "Symfony\\Component\\Console": ""
                }
            },
            "license": [
                "MIT"
            ],
            "authors": [
                {
                    "name": "Fabien Potencier",
                    "email": "fabien@symfony.com"
                },
                {
                    "name": "Symfony Community",
                    "homepage": "http://symfony.com/contributors"
                }
            ],
            "description": "Symfony Console Component",
            "homepage": "http://symfony.com"
        },
        {
            "name": "videlalvaro/php-amqplib",
            "version": "dev-master",
            "source": {
                "type": "git",
                "url": "git://github.com/videlalvaro/php-amqplib.git",
                "reference": "85ff1412152e2de8519dc75ffb741fe3adf89b9c"
            },
            "dist": {
                "type": "zip",
                "url": "https://github.com/videlalvaro/php-amqplib/zipball/85ff1412152e2de8519dc75ffb741fe3adf89b9c",
                "reference": "85ff1412152e2de8519dc75ffb741fe3adf89b9c",
                "shasum": ""
            },
            "require": {
                "php": ">=5.3.0"
            },
            "time": "1350881455",
            "type": "library",
            "installation-source": "source",
            "autoload": {
                "psr-0": {
                    "PhpAmqpLib": ""
                }
            },
            "authors": [
                {
                    "name": "Alvaro Videla"
                }
            ],
            "description": "This library is a pure PHP implementation of the AMQP protocol. It's been tested against RabbitMQ.",
            "homepage": "https://github.com/videlalvaro/php-amqplib/",
            "keywords": [
                "queue",
                "rabbitmq",
                "message"
            ]
        }
    ],
    "packages-dev": null,
    "aliases": [

    ],
    "minimum-stability": "stable",
    "stability-flags": {
        "videlalvaro/php-amqplib": 20
    }
}
